// !$*UTF8*$!
{
	archiveVersion = 1;
	classes = {
	};
	objectVersion = 55;
	objects = {

/* Begin PBXBuildFile section */
		0639C251AC3E6479073E44AF /* Pods_Corporate_House_ManagementTests.framework in Frameworks */ = {isa = PBXBuildFile; fileRef = C9C2CDD4006DDE24B8F31FBB /* Pods_Corporate_House_ManagementTests.framework */; };
		2554286727626D9D009460EC /* AppDelegate.swift in Sources */ = {isa = PBXBuildFile; fileRef = 2554286627626D9D009460EC /* AppDelegate.swift */; };
		2554286927626D9D009460EC /* SceneDelegate.swift in Sources */ = {isa = PBXBuildFile; fileRef = 2554286827626D9D009460EC /* SceneDelegate.swift */; };
		2554287027626D9F009460EC /* Assets.xcassets in Resources */ = {isa = PBXBuildFile; fileRef = 2554286F27626D9F009460EC /* Assets.xcassets */; };
		2554287327626D9F009460EC /* LaunchScreen.storyboard in Resources */ = {isa = PBXBuildFile; fileRef = 2554287127626D9F009460EC /* LaunchScreen.storyboard */; };
		2554287E27626D9F009460EC /* Corporate_House_ManagementTests.swift in Sources */ = {isa = PBXBuildFile; fileRef = 2554287D27626D9F009460EC /* Corporate_House_ManagementTests.swift */; };
		2554288827626D9F009460EC /* Corporate_House_ManagementUITests.swift in Sources */ = {isa = PBXBuildFile; fileRef = 2554288727626D9F009460EC /* Corporate_House_ManagementUITests.swift */; };
		2554288A27626D9F009460EC /* Corporate_House_ManagementUITestsLaunchTests.swift in Sources */ = {isa = PBXBuildFile; fileRef = 2554288927626D9F009460EC /* Corporate_House_ManagementUITestsLaunchTests.swift */; };
		2554289727627AD5009460EC /* ListingsVC.swift in Sources */ = {isa = PBXBuildFile; fileRef = 2554289627627AD5009460EC /* ListingsVC.swift */; };
		2554289927627B67009460EC /* PropertyListVC.swift in Sources */ = {isa = PBXBuildFile; fileRef = 2554289827627B67009460EC /* PropertyListVC.swift */; };
		2554289B27627BA2009460EC /* JanitorHoursVC.swift in Sources */ = {isa = PBXBuildFile; fileRef = 2554289A27627BA2009460EC /* JanitorHoursVC.swift */; };
		2554289D27627C27009460EC /* HomeVC.swift in Sources */ = {isa = PBXBuildFile; fileRef = 2554289C27627C27009460EC /* HomeVC.swift */; };
		2554289F27630C01009460EC /* SettingsVC.swift in Sources */ = {isa = PBXBuildFile; fileRef = 2554289E27630C01009460EC /* SettingsVC.swift */; };
		255428A2276508C1009460EC /* CHButton.swift in Sources */ = {isa = PBXBuildFile; fileRef = 255428A1276508C1009460EC /* CHButton.swift */; };
		255428A427650D9D009460EC /* CHTextField.swift in Sources */ = {isa = PBXBuildFile; fileRef = 255428A327650D9D009460EC /* CHTextField.swift */; };
		255428A72766A196009460EC /* TabbarVC.swift in Sources */ = {isa = PBXBuildFile; fileRef = 255428A62766A196009460EC /* TabbarVC.swift */; };
		255428AA2767EB7E009460EC /* CredentialsVC.swift in Sources */ = {isa = PBXBuildFile; fileRef = 255428A92767EB7E009460EC /* CredentialsVC.swift */; };
		255428AC276941BB009460EC /* CredentialsDetailVC.swift in Sources */ = {isa = PBXBuildFile; fileRef = 255428AB276941BB009460EC /* CredentialsDetailVC.swift */; };
		255428B027694928009460EC /* String+Extension.swift in Sources */ = {isa = PBXBuildFile; fileRef = 255428AF27694928009460EC /* String+Extension.swift */; };
		255428B227694B63009460EC /* UIView+Extension.swift in Sources */ = {isa = PBXBuildFile; fileRef = 255428B127694B63009460EC /* UIView+Extension.swift */; };
		25573FFC276E838700F37AD8 /* CHAlertVC.swift in Sources */ = {isa = PBXBuildFile; fileRef = 25573FFB276E838700F37AD8 /* CHAlertVC.swift */; };
		25573FFE276E83A300F37AD8 /* CHTitleLabel.swift in Sources */ = {isa = PBXBuildFile; fileRef = 25573FFD276E83A300F37AD8 /* CHTitleLabel.swift */; };
		25574000276EB05900F37AD8 /* CHBodyLabel.swift in Sources */ = {isa = PBXBuildFile; fileRef = 25573FFF276EB05900F37AD8 /* CHBodyLabel.swift */; };
		25574004276ED85400F37AD8 /* UIViewController+Ext.swift in Sources */ = {isa = PBXBuildFile; fileRef = 25574003276ED85400F37AD8 /* UIViewController+Ext.swift */; };
		2557400F27714E4800F37AD8 /* Service.swift in Sources */ = {isa = PBXBuildFile; fileRef = 2557400E27714E4800F37AD8 /* Service.swift */; };
		2557401127718FC200F37AD8 /* AddNewServiceVC.swift in Sources */ = {isa = PBXBuildFile; fileRef = 2557401027718FC200F37AD8 /* AddNewServiceVC.swift */; };
		255740142772467E00F37AD8 /* TokenManager.swift in Sources */ = {isa = PBXBuildFile; fileRef = 255740132772467E00F37AD8 /* TokenManager.swift */; };
		255740162772468A00F37AD8 /* ReservationAPI.swift in Sources */ = {isa = PBXBuildFile; fileRef = 255740152772468A00F37AD8 /* ReservationAPI.swift */; };
		255740182772497F00F37AD8 /* PropertyData.swift in Sources */ = {isa = PBXBuildFile; fileRef = 255740172772497F00F37AD8 /* PropertyData.swift */; };
		2557401A277249D400F37AD8 /* Reservations.swift in Sources */ = {isa = PBXBuildFile; fileRef = 25574019277249D400F37AD8 /* Reservations.swift */; };
		2557401C27725AF900F37AD8 /* CHDictionaries.swift in Sources */ = {isa = PBXBuildFile; fileRef = 2557401B27725AF900F37AD8 /* CHDictionaries.swift */; };
		2557401E27729EFA00F37AD8 /* AppConstants.swift in Sources */ = {isa = PBXBuildFile; fileRef = 2557401D27729EFA00F37AD8 /* AppConstants.swift */; };
		255740252773CC9D00F37AD8 /* CHErrorMessage.swift in Sources */ = {isa = PBXBuildFile; fileRef = 255740242773CC9D00F37AD8 /* CHErrorMessage.swift */; };
		255740272773DEA400F37AD8 /* ListingsAPI.swift in Sources */ = {isa = PBXBuildFile; fileRef = 255740262773DEA400F37AD8 /* ListingsAPI.swift */; };
		2557402A2773E38700F37AD8 /* Listings.swift in Sources */ = {isa = PBXBuildFile; fileRef = 255740292773E38700F37AD8 /* Listings.swift */; };
		2557402C27762A6C00F37AD8 /* GoogleService-Info.plist in Resources */ = {isa = PBXBuildFile; fileRef = 2557402B27762A6C00F37AD8 /* GoogleService-Info.plist */; };
		2557402E27762FBB00F37AD8 /* ServiceData.swift in Sources */ = {isa = PBXBuildFile; fileRef = 2557402D27762FBB00F37AD8 /* ServiceData.swift */; };
		255740392777B8A300F37AD8 /* Helper.swift in Sources */ = {isa = PBXBuildFile; fileRef = 255740382777B8A300F37AD8 /* Helper.swift */; };
		25E02A78277A5E080093F941 /* ListingsCell.swift in Sources */ = {isa = PBXBuildFile; fileRef = 25E02A77277A5E080093F941 /* ListingsCell.swift */; };
		25E02A7A277A64480093F941 /* UnitImageView.swift in Sources */ = {isa = PBXBuildFile; fileRef = 25E02A79277A64480093F941 /* UnitImageView.swift */; };
		25E02A7C277A6F6B0093F941 /* UIHelper.swift in Sources */ = {isa = PBXBuildFile; fileRef = 25E02A7B277A6F6B0093F941 /* UIHelper.swift */; };
		25E02A7F277A8D160093F941 /* JanitorHoursCell.swift in Sources */ = {isa = PBXBuildFile; fileRef = 25E02A7E277A8D160093F941 /* JanitorHoursCell.swift */; };
		25E02A83277CDA130093F941 /* CacheManager.swift in Sources */ = {isa = PBXBuildFile; fileRef = 25E02A82277CDA130093F941 /* CacheManager.swift */; };
		87E3FD107B98E5CE5CFB49C8 /* Pods_Corporate_House_Management_Corporate_House_ManagementUITests.framework in Frameworks */ = {isa = PBXBuildFile; fileRef = A620098BA7278CDAA98C22E0 /* Pods_Corporate_House_Management_Corporate_House_ManagementUITests.framework */; };
		EFB1D9236D6C9D23A95C33F5 /* Pods_Corporate_House_Management.framework in Frameworks */ = {isa = PBXBuildFile; fileRef = 2DE2A2A617216AB777E4D585 /* Pods_Corporate_House_Management.framework */; };
/* End PBXBuildFile section */

/* Begin PBXContainerItemProxy section */
		2554287A27626D9F009460EC /* PBXContainerItemProxy */ = {
			isa = PBXContainerItemProxy;
			containerPortal = 2554285B27626D9D009460EC /* Project object */;
			proxyType = 1;
			remoteGlobalIDString = 2554286227626D9D009460EC;
			remoteInfo = "Corporate-House-Management";
		};
		2554288427626D9F009460EC /* PBXContainerItemProxy */ = {
			isa = PBXContainerItemProxy;
			containerPortal = 2554285B27626D9D009460EC /* Project object */;
			proxyType = 1;
			remoteGlobalIDString = 2554286227626D9D009460EC;
			remoteInfo = "Corporate-House-Management";
		};
/* End PBXContainerItemProxy section */

/* Begin PBXFileReference section */
		2554286327626D9D009460EC /* Corporate-House-Management.app */ = {isa = PBXFileReference; explicitFileType = wrapper.application; includeInIndex = 0; path = "Corporate-House-Management.app"; sourceTree = BUILT_PRODUCTS_DIR; };
		2554286627626D9D009460EC /* AppDelegate.swift */ = {isa = PBXFileReference; lastKnownFileType = sourcecode.swift; path = AppDelegate.swift; sourceTree = "<group>"; };
		2554286827626D9D009460EC /* SceneDelegate.swift */ = {isa = PBXFileReference; lastKnownFileType = sourcecode.swift; path = SceneDelegate.swift; sourceTree = "<group>"; };
		2554286F27626D9F009460EC /* Assets.xcassets */ = {isa = PBXFileReference; lastKnownFileType = folder.assetcatalog; path = Assets.xcassets; sourceTree = "<group>"; };
		2554287227626D9F009460EC /* Base */ = {isa = PBXFileReference; lastKnownFileType = file.storyboard; name = Base; path = Base.lproj/LaunchScreen.storyboard; sourceTree = "<group>"; };
		2554287427626D9F009460EC /* Info.plist */ = {isa = PBXFileReference; lastKnownFileType = text.plist.xml; path = Info.plist; sourceTree = "<group>"; };
		2554287927626D9F009460EC /* Corporate-House-ManagementTests.xctest */ = {isa = PBXFileReference; explicitFileType = wrapper.cfbundle; includeInIndex = 0; path = "Corporate-House-ManagementTests.xctest"; sourceTree = BUILT_PRODUCTS_DIR; };
		2554287D27626D9F009460EC /* Corporate_House_ManagementTests.swift */ = {isa = PBXFileReference; lastKnownFileType = sourcecode.swift; path = Corporate_House_ManagementTests.swift; sourceTree = "<group>"; };
		2554288327626D9F009460EC /* Corporate-House-ManagementUITests.xctest */ = {isa = PBXFileReference; explicitFileType = wrapper.cfbundle; includeInIndex = 0; path = "Corporate-House-ManagementUITests.xctest"; sourceTree = BUILT_PRODUCTS_DIR; };
		2554288727626D9F009460EC /* Corporate_House_ManagementUITests.swift */ = {isa = PBXFileReference; lastKnownFileType = sourcecode.swift; path = Corporate_House_ManagementUITests.swift; sourceTree = "<group>"; };
		2554288927626D9F009460EC /* Corporate_House_ManagementUITestsLaunchTests.swift */ = {isa = PBXFileReference; lastKnownFileType = sourcecode.swift; path = Corporate_House_ManagementUITestsLaunchTests.swift; sourceTree = "<group>"; };
		2554289627627AD5009460EC /* ListingsVC.swift */ = {isa = PBXFileReference; lastKnownFileType = sourcecode.swift; path = ListingsVC.swift; sourceTree = "<group>"; };
		2554289827627B67009460EC /* PropertyListVC.swift */ = {isa = PBXFileReference; lastKnownFileType = sourcecode.swift; path = PropertyListVC.swift; sourceTree = "<group>"; };
		2554289A27627BA2009460EC /* JanitorHoursVC.swift */ = {isa = PBXFileReference; lastKnownFileType = sourcecode.swift; path = JanitorHoursVC.swift; sourceTree = "<group>"; };
		2554289C27627C27009460EC /* HomeVC.swift */ = {isa = PBXFileReference; lastKnownFileType = sourcecode.swift; path = HomeVC.swift; sourceTree = "<group>"; };
		2554289E27630C01009460EC /* SettingsVC.swift */ = {isa = PBXFileReference; lastKnownFileType = sourcecode.swift; path = SettingsVC.swift; sourceTree = "<group>"; };
		255428A1276508C1009460EC /* CHButton.swift */ = {isa = PBXFileReference; lastKnownFileType = sourcecode.swift; path = CHButton.swift; sourceTree = "<group>"; };
		255428A327650D9D009460EC /* CHTextField.swift */ = {isa = PBXFileReference; lastKnownFileType = sourcecode.swift; path = CHTextField.swift; sourceTree = "<group>"; };
		255428A62766A196009460EC /* TabbarVC.swift */ = {isa = PBXFileReference; lastKnownFileType = sourcecode.swift; path = TabbarVC.swift; sourceTree = "<group>"; };
		255428A92767EB7E009460EC /* CredentialsVC.swift */ = {isa = PBXFileReference; lastKnownFileType = sourcecode.swift; path = CredentialsVC.swift; sourceTree = "<group>"; };
		255428AB276941BB009460EC /* CredentialsDetailVC.swift */ = {isa = PBXFileReference; lastKnownFileType = sourcecode.swift; path = CredentialsDetailVC.swift; sourceTree = "<group>"; };
		255428AF27694928009460EC /* String+Extension.swift */ = {isa = PBXFileReference; lastKnownFileType = sourcecode.swift; path = "String+Extension.swift"; sourceTree = "<group>"; };
		255428B127694B63009460EC /* UIView+Extension.swift */ = {isa = PBXFileReference; lastKnownFileType = sourcecode.swift; path = "UIView+Extension.swift"; sourceTree = "<group>"; };
		25573FFB276E838700F37AD8 /* CHAlertVC.swift */ = {isa = PBXFileReference; lastKnownFileType = sourcecode.swift; path = CHAlertVC.swift; sourceTree = "<group>"; };
		25573FFD276E83A300F37AD8 /* CHTitleLabel.swift */ = {isa = PBXFileReference; lastKnownFileType = sourcecode.swift; path = CHTitleLabel.swift; sourceTree = "<group>"; };
		25573FFF276EB05900F37AD8 /* CHBodyLabel.swift */ = {isa = PBXFileReference; lastKnownFileType = sourcecode.swift; path = CHBodyLabel.swift; sourceTree = "<group>"; };
		25574003276ED85400F37AD8 /* UIViewController+Ext.swift */ = {isa = PBXFileReference; lastKnownFileType = sourcecode.swift; path = "UIViewController+Ext.swift"; sourceTree = "<group>"; };
		2557400E27714E4800F37AD8 /* Service.swift */ = {isa = PBXFileReference; lastKnownFileType = sourcecode.swift; path = Service.swift; sourceTree = "<group>"; };
		2557401027718FC200F37AD8 /* AddNewServiceVC.swift */ = {isa = PBXFileReference; lastKnownFileType = sourcecode.swift; path = AddNewServiceVC.swift; sourceTree = "<group>"; };
		255740132772467E00F37AD8 /* TokenManager.swift */ = {isa = PBXFileReference; lastKnownFileType = sourcecode.swift; path = TokenManager.swift; sourceTree = "<group>"; };
		255740152772468A00F37AD8 /* ReservationAPI.swift */ = {isa = PBXFileReference; lastKnownFileType = sourcecode.swift; path = ReservationAPI.swift; sourceTree = "<group>"; };
		255740172772497F00F37AD8 /* PropertyData.swift */ = {isa = PBXFileReference; lastKnownFileType = sourcecode.swift; path = PropertyData.swift; sourceTree = "<group>"; };
		25574019277249D400F37AD8 /* Reservations.swift */ = {isa = PBXFileReference; lastKnownFileType = sourcecode.swift; path = Reservations.swift; sourceTree = "<group>"; };
		2557401B27725AF900F37AD8 /* CHDictionaries.swift */ = {isa = PBXFileReference; lastKnownFileType = sourcecode.swift; path = CHDictionaries.swift; sourceTree = "<group>"; };
		2557401D27729EFA00F37AD8 /* AppConstants.swift */ = {isa = PBXFileReference; lastKnownFileType = sourcecode.swift; path = AppConstants.swift; sourceTree = "<group>"; };
		255740232773A00900F37AD8 /* Config.xcconfig */ = {isa = PBXFileReference; lastKnownFileType = text.xcconfig; path = Config.xcconfig; sourceTree = "<group>"; };
		255740242773CC9D00F37AD8 /* CHErrorMessage.swift */ = {isa = PBXFileReference; lastKnownFileType = sourcecode.swift; path = CHErrorMessage.swift; sourceTree = "<group>"; };
		255740262773DEA400F37AD8 /* ListingsAPI.swift */ = {isa = PBXFileReference; lastKnownFileType = sourcecode.swift; path = ListingsAPI.swift; sourceTree = "<group>"; };
		255740292773E38700F37AD8 /* Listings.swift */ = {isa = PBXFileReference; lastKnownFileType = sourcecode.swift; path = Listings.swift; sourceTree = "<group>"; };
		2557402B27762A6C00F37AD8 /* GoogleService-Info.plist */ = {isa = PBXFileReference; fileEncoding = 4; lastKnownFileType = text.plist.xml; path = "GoogleService-Info.plist"; sourceTree = "<group>"; };
		2557402D27762FBB00F37AD8 /* ServiceData.swift */ = {isa = PBXFileReference; lastKnownFileType = sourcecode.swift; path = ServiceData.swift; sourceTree = "<group>"; };
		255740382777B8A300F37AD8 /* Helper.swift */ = {isa = PBXFileReference; lastKnownFileType = sourcecode.swift; path = Helper.swift; sourceTree = "<group>"; };
		25E02A77277A5E080093F941 /* ListingsCell.swift */ = {isa = PBXFileReference; lastKnownFileType = sourcecode.swift; path = ListingsCell.swift; sourceTree = "<group>"; };
		25E02A79277A64480093F941 /* UnitImageView.swift */ = {isa = PBXFileReference; lastKnownFileType = sourcecode.swift; path = UnitImageView.swift; sourceTree = "<group>"; };
		25E02A7B277A6F6B0093F941 /* UIHelper.swift */ = {isa = PBXFileReference; lastKnownFileType = sourcecode.swift; path = UIHelper.swift; sourceTree = "<group>"; };
		25E02A7E277A8D160093F941 /* JanitorHoursCell.swift */ = {isa = PBXFileReference; lastKnownFileType = sourcecode.swift; path = JanitorHoursCell.swift; sourceTree = "<group>"; };
		25E02A82277CDA130093F941 /* CacheManager.swift */ = {isa = PBXFileReference; lastKnownFileType = sourcecode.swift; path = CacheManager.swift; sourceTree = "<group>"; };
		275978B0FF72FE65F75E99AC /* Pods-Corporate-House-ManagementTests.debug.xcconfig */ = {isa = PBXFileReference; includeInIndex = 1; lastKnownFileType = text.xcconfig; name = "Pods-Corporate-House-ManagementTests.debug.xcconfig"; path = "Target Support Files/Pods-Corporate-House-ManagementTests/Pods-Corporate-House-ManagementTests.debug.xcconfig"; sourceTree = "<group>"; };
		2AF4DF499146BE8685103A45 /* Pods-Corporate-House-Management-Corporate-House-ManagementUITests.release.xcconfig */ = {isa = PBXFileReference; includeInIndex = 1; lastKnownFileType = text.xcconfig; name = "Pods-Corporate-House-Management-Corporate-House-ManagementUITests.release.xcconfig"; path = "Target Support Files/Pods-Corporate-House-Management-Corporate-House-ManagementUITests/Pods-Corporate-House-Management-Corporate-House-ManagementUITests.release.xcconfig"; sourceTree = "<group>"; };
		2DE2A2A617216AB777E4D585 /* Pods_Corporate_House_Management.framework */ = {isa = PBXFileReference; explicitFileType = wrapper.framework; includeInIndex = 0; path = Pods_Corporate_House_Management.framework; sourceTree = BUILT_PRODUCTS_DIR; };
		3E73CE6CBDDE46F8FE300D4C /* Pods-Corporate-House-Management-Corporate-House-ManagementUITests.debug.xcconfig */ = {isa = PBXFileReference; includeInIndex = 1; lastKnownFileType = text.xcconfig; name = "Pods-Corporate-House-Management-Corporate-House-ManagementUITests.debug.xcconfig"; path = "Target Support Files/Pods-Corporate-House-Management-Corporate-House-ManagementUITests/Pods-Corporate-House-Management-Corporate-House-ManagementUITests.debug.xcconfig"; sourceTree = "<group>"; };
		744506702EC499384C160988 /* Pods-Corporate-House-Management.debug.xcconfig */ = {isa = PBXFileReference; includeInIndex = 1; lastKnownFileType = text.xcconfig; name = "Pods-Corporate-House-Management.debug.xcconfig"; path = "Target Support Files/Pods-Corporate-House-Management/Pods-Corporate-House-Management.debug.xcconfig"; sourceTree = "<group>"; };
		A620098BA7278CDAA98C22E0 /* Pods_Corporate_House_Management_Corporate_House_ManagementUITests.framework */ = {isa = PBXFileReference; explicitFileType = wrapper.framework; includeInIndex = 0; path = Pods_Corporate_House_Management_Corporate_House_ManagementUITests.framework; sourceTree = BUILT_PRODUCTS_DIR; };
		B9EE2D7A7245C944F69116D4 /* Pods-Corporate-House-Management.release.xcconfig */ = {isa = PBXFileReference; includeInIndex = 1; lastKnownFileType = text.xcconfig; name = "Pods-Corporate-House-Management.release.xcconfig"; path = "Target Support Files/Pods-Corporate-House-Management/Pods-Corporate-House-Management.release.xcconfig"; sourceTree = "<group>"; };
		C9C2CDD4006DDE24B8F31FBB /* Pods_Corporate_House_ManagementTests.framework */ = {isa = PBXFileReference; explicitFileType = wrapper.framework; includeInIndex = 0; path = Pods_Corporate_House_ManagementTests.framework; sourceTree = BUILT_PRODUCTS_DIR; };
		EAC57AF64B6823027839EDF6 /* Pods-Corporate-House-ManagementTests.release.xcconfig */ = {isa = PBXFileReference; includeInIndex = 1; lastKnownFileType = text.xcconfig; name = "Pods-Corporate-House-ManagementTests.release.xcconfig"; path = "Target Support Files/Pods-Corporate-House-ManagementTests/Pods-Corporate-House-ManagementTests.release.xcconfig"; sourceTree = "<group>"; };
/* End PBXFileReference section */

/* Begin PBXFrameworksBuildPhase section */
		2554286027626D9D009460EC /* Frameworks */ = {
			isa = PBXFrameworksBuildPhase;
			buildActionMask = 2147483647;
			files = (
				EFB1D9236D6C9D23A95C33F5 /* Pods_Corporate_House_Management.framework in Frameworks */,
			);
			runOnlyForDeploymentPostprocessing = 0;
		};
		2554287627626D9F009460EC /* Frameworks */ = {
			isa = PBXFrameworksBuildPhase;
			buildActionMask = 2147483647;
			files = (
				0639C251AC3E6479073E44AF /* Pods_Corporate_House_ManagementTests.framework in Frameworks */,
			);
			runOnlyForDeploymentPostprocessing = 0;
		};
		2554288027626D9F009460EC /* Frameworks */ = {
			isa = PBXFrameworksBuildPhase;
			buildActionMask = 2147483647;
			files = (
				87E3FD107B98E5CE5CFB49C8 /* Pods_Corporate_House_Management_Corporate_House_ManagementUITests.framework in Frameworks */,
			);
			runOnlyForDeploymentPostprocessing = 0;
		};
/* End PBXFrameworksBuildPhase section */

/* Begin PBXGroup section */
		058E500D7CA396C13DA291CF /* Frameworks */ = {
			isa = PBXGroup;
			children = (
				2DE2A2A617216AB777E4D585 /* Pods_Corporate_House_Management.framework */,
				A620098BA7278CDAA98C22E0 /* Pods_Corporate_House_Management_Corporate_House_ManagementUITests.framework */,
				C9C2CDD4006DDE24B8F31FBB /* Pods_Corporate_House_ManagementTests.framework */,
			);
			name = Frameworks;
			sourceTree = "<group>";
		};
		2554285A27626D9D009460EC = {
			isa = PBXGroup;
			children = (
				255740232773A00900F37AD8 /* Config.xcconfig */,
				2554286527626D9D009460EC /* Corporate-House-Management */,
				2554287C27626D9F009460EC /* Corporate-House-ManagementTests */,
				2554288627626D9F009460EC /* Corporate-House-ManagementUITests */,
				2554286427626D9D009460EC /* Products */,
				3797F85CA3733A74C145CDAC /* Pods */,
				058E500D7CA396C13DA291CF /* Frameworks */,
			);
			sourceTree = "<group>";
		};
		2554286427626D9D009460EC /* Products */ = {
			isa = PBXGroup;
			children = (
				2554286327626D9D009460EC /* Corporate-House-Management.app */,
				2554287927626D9F009460EC /* Corporate-House-ManagementTests.xctest */,
				2554288327626D9F009460EC /* Corporate-House-ManagementUITests.xctest */,
			);
			name = Products;
			sourceTree = "<group>";
		};
		2554286527626D9D009460EC /* Corporate-House-Management */ = {
			isa = PBXGroup;
			children = (
				255428BA276A956E009460EC /* Delegates */,
				255740212772B46200F37AD8 /* Data */,
				2557400D27714E3500F37AD8 /* Models */,
				255428BC276A958D009460EC /* Views */,
				255428B9276A9558009460EC /* Controllers */,
				25574012277232C300F37AD8 /* Managers */,
				255428BB276A957D009460EC /* Extensions */,
				255740282773E21B00F37AD8 /* Utilities */,
				255428BD276A95A7009460EC /* Support */,
				2554287427626D9F009460EC /* Info.plist */,
				2557402B27762A6C00F37AD8 /* GoogleService-Info.plist */,
			);
			path = "Corporate-House-Management";
			sourceTree = "<group>";
		};
		2554287C27626D9F009460EC /* Corporate-House-ManagementTests */ = {
			isa = PBXGroup;
			children = (
				2554287D27626D9F009460EC /* Corporate_House_ManagementTests.swift */,
			);
			path = "Corporate-House-ManagementTests";
			sourceTree = "<group>";
		};
		2554288627626D9F009460EC /* Corporate-House-ManagementUITests */ = {
			isa = PBXGroup;
			children = (
				2554288727626D9F009460EC /* Corporate_House_ManagementUITests.swift */,
				2554288927626D9F009460EC /* Corporate_House_ManagementUITestsLaunchTests.swift */,
			);
			path = "Corporate-House-ManagementUITests";
			sourceTree = "<group>";
		};
		255428B9276A9558009460EC /* Controllers */ = {
			isa = PBXGroup;
			children = (
				255428A62766A196009460EC /* TabbarVC.swift */,
				255428BE276A9607009460EC /* Home */,
				255428C2276A962F009460EC /* JanitorHours */,
				255428C1276A9626009460EC /* Settings */,
				255428C3276A966F009460EC /* Profile */,
			);
			path = Controllers;
			sourceTree = "<group>";
		};
		255428BA276A956E009460EC /* Delegates */ = {
			isa = PBXGroup;
			children = (
				2554286627626D9D009460EC /* AppDelegate.swift */,
				2554286827626D9D009460EC /* SceneDelegate.swift */,
			);
			path = Delegates;
			sourceTree = "<group>";
		};
		255428BB276A957D009460EC /* Extensions */ = {
			isa = PBXGroup;
			children = (
				255428AF27694928009460EC /* String+Extension.swift */,
				255428B127694B63009460EC /* UIView+Extension.swift */,
				25574003276ED85400F37AD8 /* UIViewController+Ext.swift */,
			);
			path = Extensions;
			sourceTree = "<group>";
		};
		255428BC276A958D009460EC /* Views */ = {
			isa = PBXGroup;
			children = (
				25E02A76277A5DDC0093F941 /* Cells */,
				255428A1276508C1009460EC /* CHButton.swift */,
				255428A327650D9D009460EC /* CHTextField.swift */,
				25573FFD276E83A300F37AD8 /* CHTitleLabel.swift */,
				25573FFF276EB05900F37AD8 /* CHBodyLabel.swift */,
				25573FFB276E838700F37AD8 /* CHAlertVC.swift */,
				25E02A79277A64480093F941 /* UnitImageView.swift */,
			);
			path = Views;
			sourceTree = "<group>";
		};
		255428BD276A95A7009460EC /* Support */ = {
			isa = PBXGroup;
			children = (
				2554286F27626D9F009460EC /* Assets.xcassets */,
				2554287127626D9F009460EC /* LaunchScreen.storyboard */,
			);
			path = Support;
			sourceTree = "<group>";
		};
		255428BE276A9607009460EC /* Home */ = {
			isa = PBXGroup;
			children = (
				2554289C27627C27009460EC /* HomeVC.swift */,
			);
			path = Home;
			sourceTree = "<group>";
		};
		255428BF276A960C009460EC /* Listings */ = {
			isa = PBXGroup;
			children = (
				2554289627627AD5009460EC /* ListingsVC.swift */,
			);
			path = Listings;
			sourceTree = "<group>";
		};
		255428C0276A961B009460EC /* Properties */ = {
			isa = PBXGroup;
			children = (
				2554289827627B67009460EC /* PropertyListVC.swift */,
			);
			path = Properties;
			sourceTree = "<group>";
		};
		255428C1276A9626009460EC /* Settings */ = {
			isa = PBXGroup;
			children = (
				2554289E27630C01009460EC /* SettingsVC.swift */,
				255428BF276A960C009460EC /* Listings */,
				255428C0276A961B009460EC /* Properties */,
			);
			path = Settings;
			sourceTree = "<group>";
		};
		255428C2276A962F009460EC /* JanitorHours */ = {
			isa = PBXGroup;
			children = (
				2554289A27627BA2009460EC /* JanitorHoursVC.swift */,
				2557401027718FC200F37AD8 /* AddNewServiceVC.swift */,
			);
			path = JanitorHours;
			sourceTree = "<group>";
		};
		255428C3276A966F009460EC /* Profile */ = {
			isa = PBXGroup;
			children = (
				255428A92767EB7E009460EC /* CredentialsVC.swift */,
				255428AB276941BB009460EC /* CredentialsDetailVC.swift */,
			);
			path = Profile;
			sourceTree = "<group>";
		};
		2557400D27714E3500F37AD8 /* Models */ = {
			isa = PBXGroup;
			children = (
				25574019277249D400F37AD8 /* Reservations.swift */,
				2557400E27714E4800F37AD8 /* Service.swift */,
				255740292773E38700F37AD8 /* Listings.swift */,
			);
			path = Models;
			sourceTree = "<group>";
		};
		25574012277232C300F37AD8 /* Managers */ = {
			isa = PBXGroup;
			children = (
				25E02A81277CD9F80093F941 /* CacheManager */,
				255740202772A63B00F37AD8 /* TokenManagers */,
				2557401F2772A62B00F37AD8 /* NetworkManagers */,
			);
			path = Managers;
			sourceTree = "<group>";
		};
		2557401F2772A62B00F37AD8 /* NetworkManagers */ = {
			isa = PBXGroup;
			children = (
				255740152772468A00F37AD8 /* ReservationAPI.swift */,
				255740262773DEA400F37AD8 /* ListingsAPI.swift */,
			);
			path = NetworkManagers;
			sourceTree = "<group>";
		};
		255740202772A63B00F37AD8 /* TokenManagers */ = {
			isa = PBXGroup;
			children = (
				255740132772467E00F37AD8 /* TokenManager.swift */,
			);
			path = TokenManagers;
			sourceTree = "<group>";
		};
		255740212772B46200F37AD8 /* Data */ = {
			isa = PBXGroup;
			children = (
				255740172772497F00F37AD8 /* PropertyData.swift */,
				2557402D27762FBB00F37AD8 /* ServiceData.swift */,
				2557401B27725AF900F37AD8 /* CHDictionaries.swift */,
			);
			path = Data;
			sourceTree = "<group>";
		};
		255740282773E21B00F37AD8 /* Utilities */ = {
			isa = PBXGroup;
			children = (
				255740242773CC9D00F37AD8 /* CHErrorMessage.swift */,
				2557401D27729EFA00F37AD8 /* AppConstants.swift */,
				255740382777B8A300F37AD8 /* Helper.swift */,
				25E02A7B277A6F6B0093F941 /* UIHelper.swift */,
			);
			path = Utilities;
			sourceTree = "<group>";
		};
		25E02A76277A5DDC0093F941 /* Cells */ = {
			isa = PBXGroup;
			children = (
				25E02A77277A5E080093F941 /* ListingsCell.swift */,
				25E02A7E277A8D160093F941 /* JanitorHoursCell.swift */,
			);
			path = Cells;
			sourceTree = "<group>";
		};
		25E02A81277CD9F80093F941 /* CacheManager */ = {
			isa = PBXGroup;
			children = (
				25E02A82277CDA130093F941 /* CacheManager.swift */,
			);
			name = CacheManager;
			sourceTree = "<group>";
		};
		3797F85CA3733A74C145CDAC /* Pods */ = {
			isa = PBXGroup;
			children = (
				744506702EC499384C160988 /* Pods-Corporate-House-Management.debug.xcconfig */,
				B9EE2D7A7245C944F69116D4 /* Pods-Corporate-House-Management.release.xcconfig */,
				3E73CE6CBDDE46F8FE300D4C /* Pods-Corporate-House-Management-Corporate-House-ManagementUITests.debug.xcconfig */,
				2AF4DF499146BE8685103A45 /* Pods-Corporate-House-Management-Corporate-House-ManagementUITests.release.xcconfig */,
				275978B0FF72FE65F75E99AC /* Pods-Corporate-House-ManagementTests.debug.xcconfig */,
				EAC57AF64B6823027839EDF6 /* Pods-Corporate-House-ManagementTests.release.xcconfig */,
			);
			path = Pods;
			sourceTree = "<group>";
		};
/* End PBXGroup section */

/* Begin PBXNativeTarget section */
		2554286227626D9D009460EC /* Corporate-House-Management */ = {
			isa = PBXNativeTarget;
			buildConfigurationList = 2554288D27626D9F009460EC /* Build configuration list for PBXNativeTarget "Corporate-House-Management" */;
			buildPhases = (
				C9E7263D04365C28D2FAAB0D /* [CP] Check Pods Manifest.lock */,
				2554285F27626D9D009460EC /* Sources */,
				2554286027626D9D009460EC /* Frameworks */,
				2554286127626D9D009460EC /* Resources */,
				73EC495AF801183DB81CC6C9 /* [CP] Embed Pods Frameworks */,
			);
			buildRules = (
			);
			dependencies = (
			);
			name = "Corporate-House-Management";
			productName = "Corporate-House-Management";
			productReference = 2554286327626D9D009460EC /* Corporate-House-Management.app */;
			productType = "com.apple.product-type.application";
		};
		2554287827626D9F009460EC /* Corporate-House-ManagementTests */ = {
			isa = PBXNativeTarget;
			buildConfigurationList = 2554289027626D9F009460EC /* Build configuration list for PBXNativeTarget "Corporate-House-ManagementTests" */;
			buildPhases = (
				C1750C205B79B3F21A2BC260 /* [CP] Check Pods Manifest.lock */,
				2554287527626D9F009460EC /* Sources */,
				2554287627626D9F009460EC /* Frameworks */,
				2554287727626D9F009460EC /* Resources */,
			);
			buildRules = (
			);
			dependencies = (
				2554287B27626D9F009460EC /* PBXTargetDependency */,
			);
			name = "Corporate-House-ManagementTests";
			productName = "Corporate-House-ManagementTests";
			productReference = 2554287927626D9F009460EC /* Corporate-House-ManagementTests.xctest */;
			productType = "com.apple.product-type.bundle.unit-test";
		};
		2554288227626D9F009460EC /* Corporate-House-ManagementUITests */ = {
			isa = PBXNativeTarget;
			buildConfigurationList = 2554289327626D9F009460EC /* Build configuration list for PBXNativeTarget "Corporate-House-ManagementUITests" */;
			buildPhases = (
				77008B29DF0ECDB616961FD8 /* [CP] Check Pods Manifest.lock */,
				2554287F27626D9F009460EC /* Sources */,
				2554288027626D9F009460EC /* Frameworks */,
				2554288127626D9F009460EC /* Resources */,
				CB6CEB2D5799BC7E1AAF4407 /* [CP] Embed Pods Frameworks */,
			);
			buildRules = (
			);
			dependencies = (
				2554288527626D9F009460EC /* PBXTargetDependency */,
			);
			name = "Corporate-House-ManagementUITests";
			productName = "Corporate-House-ManagementUITests";
			productReference = 2554288327626D9F009460EC /* Corporate-House-ManagementUITests.xctest */;
			productType = "com.apple.product-type.bundle.ui-testing";
		};
/* End PBXNativeTarget section */

/* Begin PBXProject section */
		2554285B27626D9D009460EC /* Project object */ = {
			isa = PBXProject;
			attributes = {
				BuildIndependentTargetsInParallel = 1;
				LastSwiftUpdateCheck = 1310;
				LastUpgradeCheck = 1310;
				TargetAttributes = {
					2554286227626D9D009460EC = {
						CreatedOnToolsVersion = 13.1;
					};
					2554287827626D9F009460EC = {
						CreatedOnToolsVersion = 13.1;
						TestTargetID = 2554286227626D9D009460EC;
					};
					2554288227626D9F009460EC = {
						CreatedOnToolsVersion = 13.1;
						TestTargetID = 2554286227626D9D009460EC;
					};
				};
			};
			buildConfigurationList = 2554285E27626D9D009460EC /* Build configuration list for PBXProject "Corporate-House-Management" */;
			compatibilityVersion = "Xcode 13.0";
			developmentRegion = en;
			hasScannedForEncodings = 0;
			knownRegions = (
				en,
				Base,
			);
			mainGroup = 2554285A27626D9D009460EC;
			productRefGroup = 2554286427626D9D009460EC /* Products */;
			projectDirPath = "";
			projectRoot = "";
			targets = (
				2554286227626D9D009460EC /* Corporate-House-Management */,
				2554287827626D9F009460EC /* Corporate-House-ManagementTests */,
				2554288227626D9F009460EC /* Corporate-House-ManagementUITests */,
			);
		};
/* End PBXProject section */

/* Begin PBXResourcesBuildPhase section */
		2554286127626D9D009460EC /* Resources */ = {
			isa = PBXResourcesBuildPhase;
			buildActionMask = 2147483647;
			files = (
				2554287327626D9F009460EC /* LaunchScreen.storyboard in Resources */,
				2554287027626D9F009460EC /* Assets.xcassets in Resources */,
				2557402C27762A6C00F37AD8 /* GoogleService-Info.plist in Resources */,
			);
			runOnlyForDeploymentPostprocessing = 0;
		};
		2554287727626D9F009460EC /* Resources */ = {
			isa = PBXResourcesBuildPhase;
			buildActionMask = 2147483647;
			files = (
			);
			runOnlyForDeploymentPostprocessing = 0;
		};
		2554288127626D9F009460EC /* Resources */ = {
			isa = PBXResourcesBuildPhase;
			buildActionMask = 2147483647;
			files = (
			);
			runOnlyForDeploymentPostprocessing = 0;
		};
/* End PBXResourcesBuildPhase section */

/* Begin PBXShellScriptBuildPhase section */
		73EC495AF801183DB81CC6C9 /* [CP] Embed Pods Frameworks */ = {
			isa = PBXShellScriptBuildPhase;
			buildActionMask = 2147483647;
			files = (
			);
			inputFileListPaths = (
				"${PODS_ROOT}/Target Support Files/Pods-Corporate-House-Management/Pods-Corporate-House-Management-frameworks-${CONFIGURATION}-input-files.xcfilelist",
			);
			name = "[CP] Embed Pods Frameworks";
			outputFileListPaths = (
				"${PODS_ROOT}/Target Support Files/Pods-Corporate-House-Management/Pods-Corporate-House-Management-frameworks-${CONFIGURATION}-output-files.xcfilelist",
			);
			runOnlyForDeploymentPostprocessing = 0;
			shellPath = /bin/sh;
			shellScript = "\"${PODS_ROOT}/Target Support Files/Pods-Corporate-House-Management/Pods-Corporate-House-Management-frameworks.sh\"\n";
			showEnvVarsInLog = 0;
		};
		77008B29DF0ECDB616961FD8 /* [CP] Check Pods Manifest.lock */ = {
			isa = PBXShellScriptBuildPhase;
			buildActionMask = 2147483647;
			files = (
			);
			inputFileListPaths = (
			);
			inputPaths = (
				"${PODS_PODFILE_DIR_PATH}/Podfile.lock",
				"${PODS_ROOT}/Manifest.lock",
			);
			name = "[CP] Check Pods Manifest.lock";
			outputFileListPaths = (
			);
			outputPaths = (
				"$(DERIVED_FILE_DIR)/Pods-Corporate-House-Management-Corporate-House-ManagementUITests-checkManifestLockResult.txt",
			);
			runOnlyForDeploymentPostprocessing = 0;
			shellPath = /bin/sh;
			shellScript = "diff \"${PODS_PODFILE_DIR_PATH}/Podfile.lock\" \"${PODS_ROOT}/Manifest.lock\" > /dev/null\nif [ $? != 0 ] ; then\n    # print error to STDERR\n    echo \"error: The sandbox is not in sync with the Podfile.lock. Run 'pod install' or update your CocoaPods installation.\" >&2\n    exit 1\nfi\n# This output is used by Xcode 'outputs' to avoid re-running this script phase.\necho \"SUCCESS\" > \"${SCRIPT_OUTPUT_FILE_0}\"\n";
			showEnvVarsInLog = 0;
		};
		C1750C205B79B3F21A2BC260 /* [CP] Check Pods Manifest.lock */ = {
			isa = PBXShellScriptBuildPhase;
			buildActionMask = 2147483647;
			files = (
			);
			inputFileListPaths = (
			);
			inputPaths = (
				"${PODS_PODFILE_DIR_PATH}/Podfile.lock",
				"${PODS_ROOT}/Manifest.lock",
			);
			name = "[CP] Check Pods Manifest.lock";
			outputFileListPaths = (
			);
			outputPaths = (
				"$(DERIVED_FILE_DIR)/Pods-Corporate-House-ManagementTests-checkManifestLockResult.txt",
			);
			runOnlyForDeploymentPostprocessing = 0;
			shellPath = /bin/sh;
			shellScript = "diff \"${PODS_PODFILE_DIR_PATH}/Podfile.lock\" \"${PODS_ROOT}/Manifest.lock\" > /dev/null\nif [ $? != 0 ] ; then\n    # print error to STDERR\n    echo \"error: The sandbox is not in sync with the Podfile.lock. Run 'pod install' or update your CocoaPods installation.\" >&2\n    exit 1\nfi\n# This output is used by Xcode 'outputs' to avoid re-running this script phase.\necho \"SUCCESS\" > \"${SCRIPT_OUTPUT_FILE_0}\"\n";
			showEnvVarsInLog = 0;
		};
		C9E7263D04365C28D2FAAB0D /* [CP] Check Pods Manifest.lock */ = {
			isa = PBXShellScriptBuildPhase;
			buildActionMask = 2147483647;
			files = (
			);
			inputFileListPaths = (
			);
			inputPaths = (
				"${PODS_PODFILE_DIR_PATH}/Podfile.lock",
				"${PODS_ROOT}/Manifest.lock",
			);
			name = "[CP] Check Pods Manifest.lock";
			outputFileListPaths = (
			);
			outputPaths = (
				"$(DERIVED_FILE_DIR)/Pods-Corporate-House-Management-checkManifestLockResult.txt",
			);
			runOnlyForDeploymentPostprocessing = 0;
			shellPath = /bin/sh;
			shellScript = "diff \"${PODS_PODFILE_DIR_PATH}/Podfile.lock\" \"${PODS_ROOT}/Manifest.lock\" > /dev/null\nif [ $? != 0 ] ; then\n    # print error to STDERR\n    echo \"error: The sandbox is not in sync with the Podfile.lock. Run 'pod install' or update your CocoaPods installation.\" >&2\n    exit 1\nfi\n# This output is used by Xcode 'outputs' to avoid re-running this script phase.\necho \"SUCCESS\" > \"${SCRIPT_OUTPUT_FILE_0}\"\n";
			showEnvVarsInLog = 0;
		};
		CB6CEB2D5799BC7E1AAF4407 /* [CP] Embed Pods Frameworks */ = {
			isa = PBXShellScriptBuildPhase;
			buildActionMask = 2147483647;
			files = (
			);
			inputFileListPaths = (
				"${PODS_ROOT}/Target Support Files/Pods-Corporate-House-Management-Corporate-House-ManagementUITests/Pods-Corporate-House-Management-Corporate-House-ManagementUITests-frameworks-${CONFIGURATION}-input-files.xcfilelist",
			);
			name = "[CP] Embed Pods Frameworks";
			outputFileListPaths = (
				"${PODS_ROOT}/Target Support Files/Pods-Corporate-House-Management-Corporate-House-ManagementUITests/Pods-Corporate-House-Management-Corporate-House-ManagementUITests-frameworks-${CONFIGURATION}-output-files.xcfilelist",
			);
			runOnlyForDeploymentPostprocessing = 0;
			shellPath = /bin/sh;
			shellScript = "\"${PODS_ROOT}/Target Support Files/Pods-Corporate-House-Management-Corporate-House-ManagementUITests/Pods-Corporate-House-Management-Corporate-House-ManagementUITests-frameworks.sh\"\n";
			showEnvVarsInLog = 0;
		};
/* End PBXShellScriptBuildPhase section */

/* Begin PBXSourcesBuildPhase section */
		2554285F27626D9D009460EC /* Sources */ = {
			isa = PBXSourcesBuildPhase;
			buildActionMask = 2147483647;
			files = (
				255740162772468A00F37AD8 /* ReservationAPI.swift in Sources */,
				2557401127718FC200F37AD8 /* AddNewServiceVC.swift in Sources */,
				25574004276ED85400F37AD8 /* UIViewController+Ext.swift in Sources */,
				255428A427650D9D009460EC /* CHTextField.swift in Sources */,
				2557402A2773E38700F37AD8 /* Listings.swift in Sources */,
				255428AA2767EB7E009460EC /* CredentialsVC.swift in Sources */,
				255428B227694B63009460EC /* UIView+Extension.swift in Sources */,
				25E02A7F277A8D160093F941 /* JanitorHoursCell.swift in Sources */,
				255428A72766A196009460EC /* TabbarVC.swift in Sources */,
				25574000276EB05900F37AD8 /* CHBodyLabel.swift in Sources */,
				2554289D27627C27009460EC /* HomeVC.swift in Sources */,
				2554289727627AD5009460EC /* ListingsVC.swift in Sources */,
				2557402E27762FBB00F37AD8 /* ServiceData.swift in Sources */,
				255428AC276941BB009460EC /* CredentialsDetailVC.swift in Sources */,
				255740142772467E00F37AD8 /* TokenManager.swift in Sources */,
				255740392777B8A300F37AD8 /* Helper.swift in Sources */,
				25573FFC276E838700F37AD8 /* CHAlertVC.swift in Sources */,
				2554289927627B67009460EC /* PropertyListVC.swift in Sources */,
				255428B027694928009460EC /* String+Extension.swift in Sources */,
				2557401C27725AF900F37AD8 /* CHDictionaries.swift in Sources */,
				2557401A277249D400F37AD8 /* Reservations.swift in Sources */,
				255740252773CC9D00F37AD8 /* CHErrorMessage.swift in Sources */,
				2554286727626D9D009460EC /* AppDelegate.swift in Sources */,
				2557401E27729EFA00F37AD8 /* AppConstants.swift in Sources */,
				25E02A7A277A64480093F941 /* UnitImageView.swift in Sources */,
				2554289F27630C01009460EC /* SettingsVC.swift in Sources */,
				2554289B27627BA2009460EC /* JanitorHoursVC.swift in Sources */,
				25573FFE276E83A300F37AD8 /* CHTitleLabel.swift in Sources */,
				25E02A83277CDA130093F941 /* CacheManager.swift in Sources */,
				25E02A78277A5E080093F941 /* ListingsCell.swift in Sources */,
				255740272773DEA400F37AD8 /* ListingsAPI.swift in Sources */,
				25E02A7C277A6F6B0093F941 /* UIHelper.swift in Sources */,
				255740182772497F00F37AD8 /* PropertyData.swift in Sources */,
				2557400F27714E4800F37AD8 /* Service.swift in Sources */,
				255428A2276508C1009460EC /* CHButton.swift in Sources */,
				2554286927626D9D009460EC /* SceneDelegate.swift in Sources */,
			);
			runOnlyForDeploymentPostprocessing = 0;
		};
		2554287527626D9F009460EC /* Sources */ = {
			isa = PBXSourcesBuildPhase;
			buildActionMask = 2147483647;
			files = (
				2554287E27626D9F009460EC /* Corporate_House_ManagementTests.swift in Sources */,
			);
			runOnlyForDeploymentPostprocessing = 0;
		};
		2554287F27626D9F009460EC /* Sources */ = {
			isa = PBXSourcesBuildPhase;
			buildActionMask = 2147483647;
			files = (
				2554288A27626D9F009460EC /* Corporate_House_ManagementUITestsLaunchTests.swift in Sources */,
				2554288827626D9F009460EC /* Corporate_House_ManagementUITests.swift in Sources */,
			);
			runOnlyForDeploymentPostprocessing = 0;
		};
/* End PBXSourcesBuildPhase section */

/* Begin PBXTargetDependency section */
		2554287B27626D9F009460EC /* PBXTargetDependency */ = {
			isa = PBXTargetDependency;
			target = 2554286227626D9D009460EC /* Corporate-House-Management */;
			targetProxy = 2554287A27626D9F009460EC /* PBXContainerItemProxy */;
		};
		2554288527626D9F009460EC /* PBXTargetDependency */ = {
			isa = PBXTargetDependency;
			target = 2554286227626D9D009460EC /* Corporate-House-Management */;
			targetProxy = 2554288427626D9F009460EC /* PBXContainerItemProxy */;
		};
/* End PBXTargetDependency section */

/* Begin PBXVariantGroup section */
		2554287127626D9F009460EC /* LaunchScreen.storyboard */ = {
			isa = PBXVariantGroup;
			children = (
				2554287227626D9F009460EC /* Base */,
			);
			name = LaunchScreen.storyboard;
			sourceTree = "<group>";
		};
/* End PBXVariantGroup section */

/* Begin XCBuildConfiguration section */
		2554288B27626D9F009460EC /* Debug */ = {
			isa = XCBuildConfiguration;
			baseConfigurationReference = 255740232773A00900F37AD8 /* Config.xcconfig */;
			buildSettings = {
				ALWAYS_SEARCH_USER_PATHS = NO;
				CLANG_ANALYZER_NONNULL = YES;
				CLANG_ANALYZER_NUMBER_OBJECT_CONVERSION = YES_AGGRESSIVE;
				CLANG_CXX_LANGUAGE_STANDARD = "gnu++17";
				CLANG_CXX_LIBRARY = "libc++";
				CLANG_ENABLE_MODULES = YES;
				CLANG_ENABLE_OBJC_ARC = YES;
				CLANG_ENABLE_OBJC_WEAK = YES;
				CLANG_WARN_BLOCK_CAPTURE_AUTORELEASING = YES;
				CLANG_WARN_BOOL_CONVERSION = YES;
				CLANG_WARN_COMMA = YES;
				CLANG_WARN_CONSTANT_CONVERSION = YES;
				CLANG_WARN_DEPRECATED_OBJC_IMPLEMENTATIONS = YES;
				CLANG_WARN_DIRECT_OBJC_ISA_USAGE = YES_ERROR;
				CLANG_WARN_DOCUMENTATION_COMMENTS = YES;
				CLANG_WARN_EMPTY_BODY = YES;
				CLANG_WARN_ENUM_CONVERSION = YES;
				CLANG_WARN_INFINITE_RECURSION = YES;
				CLANG_WARN_INT_CONVERSION = YES;
				CLANG_WARN_NON_LITERAL_NULL_CONVERSION = YES;
				CLANG_WARN_OBJC_IMPLICIT_RETAIN_SELF = YES;
				CLANG_WARN_OBJC_LITERAL_CONVERSION = YES;
				CLANG_WARN_OBJC_ROOT_CLASS = YES_ERROR;
				CLANG_WARN_QUOTED_INCLUDE_IN_FRAMEWORK_HEADER = YES;
				CLANG_WARN_RANGE_LOOP_ANALYSIS = YES;
				CLANG_WARN_STRICT_PROTOTYPES = YES;
				CLANG_WARN_SUSPICIOUS_MOVE = YES;
				CLANG_WARN_UNGUARDED_AVAILABILITY = YES_AGGRESSIVE;
				CLANG_WARN_UNREACHABLE_CODE = YES;
				CLANG_WARN__DUPLICATE_METHOD_MATCH = YES;
				COPY_PHASE_STRIP = NO;
				DEBUG_INFORMATION_FORMAT = dwarf;
				ENABLE_STRICT_OBJC_MSGSEND = YES;
				ENABLE_TESTABILITY = YES;
				GCC_C_LANGUAGE_STANDARD = gnu11;
				GCC_DYNAMIC_NO_PIC = NO;
				GCC_NO_COMMON_BLOCKS = YES;
				GCC_OPTIMIZATION_LEVEL = 0;
				GCC_PREPROCESSOR_DEFINITIONS = (
					"DEBUG=1",
					"$(inherited)",
				);
				GCC_WARN_64_TO_32_BIT_CONVERSION = YES;
				GCC_WARN_ABOUT_RETURN_TYPE = YES_ERROR;
				GCC_WARN_UNDECLARED_SELECTOR = YES;
				GCC_WARN_UNINITIALIZED_AUTOS = YES_AGGRESSIVE;
				GCC_WARN_UNUSED_FUNCTION = YES;
				GCC_WARN_UNUSED_VARIABLE = YES;
				IPHONEOS_DEPLOYMENT_TARGET = 15.0;
				MTL_ENABLE_DEBUG_INFO = INCLUDE_SOURCE;
				MTL_FAST_MATH = YES;
				ONLY_ACTIVE_ARCH = YES;
				SDKROOT = iphoneos;
				SWIFT_ACTIVE_COMPILATION_CONDITIONS = DEBUG;
				SWIFT_OPTIMIZATION_LEVEL = "-Onone";
			};
			name = Debug;
		};
		2554288C27626D9F009460EC /* Release */ = {
			isa = XCBuildConfiguration;
			baseConfigurationReference = 255740232773A00900F37AD8 /* Config.xcconfig */;
			buildSettings = {
				ALWAYS_SEARCH_USER_PATHS = NO;
				CLANG_ANALYZER_NONNULL = YES;
				CLANG_ANALYZER_NUMBER_OBJECT_CONVERSION = YES_AGGRESSIVE;
				CLANG_CXX_LANGUAGE_STANDARD = "gnu++17";
				CLANG_CXX_LIBRARY = "libc++";
				CLANG_ENABLE_MODULES = YES;
				CLANG_ENABLE_OBJC_ARC = YES;
				CLANG_ENABLE_OBJC_WEAK = YES;
				CLANG_WARN_BLOCK_CAPTURE_AUTORELEASING = YES;
				CLANG_WARN_BOOL_CONVERSION = YES;
				CLANG_WARN_COMMA = YES;
				CLANG_WARN_CONSTANT_CONVERSION = YES;
				CLANG_WARN_DEPRECATED_OBJC_IMPLEMENTATIONS = YES;
				CLANG_WARN_DIRECT_OBJC_ISA_USAGE = YES_ERROR;
				CLANG_WARN_DOCUMENTATION_COMMENTS = YES;
				CLANG_WARN_EMPTY_BODY = YES;
				CLANG_WARN_ENUM_CONVERSION = YES;
				CLANG_WARN_INFINITE_RECURSION = YES;
				CLANG_WARN_INT_CONVERSION = YES;
				CLANG_WARN_NON_LITERAL_NULL_CONVERSION = YES;
				CLANG_WARN_OBJC_IMPLICIT_RETAIN_SELF = YES;
				CLANG_WARN_OBJC_LITERAL_CONVERSION = YES;
				CLANG_WARN_OBJC_ROOT_CLASS = YES_ERROR;
				CLANG_WARN_QUOTED_INCLUDE_IN_FRAMEWORK_HEADER = YES;
				CLANG_WARN_RANGE_LOOP_ANALYSIS = YES;
				CLANG_WARN_STRICT_PROTOTYPES = YES;
				CLANG_WARN_SUSPICIOUS_MOVE = YES;
				CLANG_WARN_UNGUARDED_AVAILABILITY = YES_AGGRESSIVE;
				CLANG_WARN_UNREACHABLE_CODE = YES;
				CLANG_WARN__DUPLICATE_METHOD_MATCH = YES;
				COPY_PHASE_STRIP = NO;
				DEBUG_INFORMATION_FORMAT = "dwarf-with-dsym";
				ENABLE_NS_ASSERTIONS = NO;
				ENABLE_STRICT_OBJC_MSGSEND = YES;
				GCC_C_LANGUAGE_STANDARD = gnu11;
				GCC_NO_COMMON_BLOCKS = YES;
				GCC_WARN_64_TO_32_BIT_CONVERSION = YES;
				GCC_WARN_ABOUT_RETURN_TYPE = YES_ERROR;
				GCC_WARN_UNDECLARED_SELECTOR = YES;
				GCC_WARN_UNINITIALIZED_AUTOS = YES_AGGRESSIVE;
				GCC_WARN_UNUSED_FUNCTION = YES;
				GCC_WARN_UNUSED_VARIABLE = YES;
				IPHONEOS_DEPLOYMENT_TARGET = 15.0;
				MTL_ENABLE_DEBUG_INFO = NO;
				MTL_FAST_MATH = YES;
				SDKROOT = iphoneos;
				SWIFT_COMPILATION_MODE = wholemodule;
				SWIFT_OPTIMIZATION_LEVEL = "-O";
				VALIDATE_PRODUCT = YES;
			};
			name = Release;
		};
		2554288E27626D9F009460EC /* Debug */ = {
			isa = XCBuildConfiguration;
			baseConfigurationReference = 744506702EC499384C160988 /* Pods-Corporate-House-Management.debug.xcconfig */;
			buildSettings = {
				ASSETCATALOG_COMPILER_APPICON_NAME = AppIcon;
				ASSETCATALOG_COMPILER_GLOBAL_ACCENT_COLOR_NAME = AccentColor;
				CODE_SIGN_STYLE = Automatic;
				CURRENT_PROJECT_VERSION = 1;
				DEVELOPMENT_TEAM = 2BNS7WZJ58;
				GENERATE_INFOPLIST_FILE = YES;
				INFOPLIST_FILE = "Corporate-House-Management/Info.plist";
				INFOPLIST_KEY_UIApplicationSupportsIndirectInputEvents = YES;
				INFOPLIST_KEY_UILaunchStoryboardName = LaunchScreen;
				INFOPLIST_KEY_UISupportedInterfaceOrientations = UIInterfaceOrientationPortrait;
				INFOPLIST_KEY_UISupportedInterfaceOrientations_iPad = "UIInterfaceOrientationPortrait UIInterfaceOrientationPortraitUpsideDown UIInterfaceOrientationLandscapeLeft UIInterfaceOrientationLandscapeRight";
				INFOPLIST_KEY_UISupportedInterfaceOrientations_iPhone = "UIInterfaceOrientationPortrait UIInterfaceOrientationLandscapeLeft UIInterfaceOrientationLandscapeRight";
				IPHONEOS_DEPLOYMENT_TARGET = 15.0;
				LD_RUNPATH_SEARCH_PATHS = (
					"$(inherited)",
					"@executable_path/Frameworks",
				);
				MARKETING_VERSION = 1.0;
				PRODUCT_BUNDLE_IDENTIFIER = "com.mrkes.Corporate-House-Management";
				PRODUCT_NAME = "$(TARGET_NAME)";
				SWIFT_EMIT_LOC_STRINGS = YES;
				SWIFT_VERSION = 5.0;
				TARGETED_DEVICE_FAMILY = 1;
			};
			name = Debug;
		};
		2554288F27626D9F009460EC /* Release */ = {
			isa = XCBuildConfiguration;
			baseConfigurationReference = B9EE2D7A7245C944F69116D4 /* Pods-Corporate-House-Management.release.xcconfig */;
			buildSettings = {
				ASSETCATALOG_COMPILER_APPICON_NAME = AppIcon;
				ASSETCATALOG_COMPILER_GLOBAL_ACCENT_COLOR_NAME = AccentColor;
				CODE_SIGN_STYLE = Automatic;
				CURRENT_PROJECT_VERSION = 1;
				DEVELOPMENT_TEAM = 2BNS7WZJ58;
				GENERATE_INFOPLIST_FILE = YES;
				INFOPLIST_FILE = "Corporate-House-Management/Info.plist";
				INFOPLIST_KEY_UIApplicationSupportsIndirectInputEvents = YES;
				INFOPLIST_KEY_UILaunchStoryboardName = LaunchScreen;
				INFOPLIST_KEY_UISupportedInterfaceOrientations = UIInterfaceOrientationPortrait;
				INFOPLIST_KEY_UISupportedInterfaceOrientations_iPad = "UIInterfaceOrientationPortrait UIInterfaceOrientationPortraitUpsideDown UIInterfaceOrientationLandscapeLeft UIInterfaceOrientationLandscapeRight";
				INFOPLIST_KEY_UISupportedInterfaceOrientations_iPhone = "UIInterfaceOrientationPortrait UIInterfaceOrientationLandscapeLeft UIInterfaceOrientationLandscapeRight";
				IPHONEOS_DEPLOYMENT_TARGET = 15.0;
				LD_RUNPATH_SEARCH_PATHS = (
					"$(inherited)",
					"@executable_path/Frameworks",
				);
				MARKETING_VERSION = 1.0;
				PRODUCT_BUNDLE_IDENTIFIER = "com.mrkes.Corporate-House-Management";
				PRODUCT_NAME = "$(TARGET_NAME)";
				SWIFT_EMIT_LOC_STRINGS = YES;
				SWIFT_VERSION = 5.0;
				TARGETED_DEVICE_FAMILY = 1;
			};
			name = Release;
		};
		2554289127626D9F009460EC /* Debug */ = {
			isa = XCBuildConfiguration;
			baseConfigurationReference = 275978B0FF72FE65F75E99AC /* Pods-Corporate-House-ManagementTests.debug.xcconfig */;
			buildSettings = {
				ALWAYS_EMBED_SWIFT_STANDARD_LIBRARIES = YES;
				BUNDLE_LOADER = "$(TEST_HOST)";
				CODE_SIGN_STYLE = Automatic;
				CURRENT_PROJECT_VERSION = 1;
				DEVELOPMENT_TEAM = 2BNS7WZJ58;
				GENERATE_INFOPLIST_FILE = YES;
				IPHONEOS_DEPLOYMENT_TARGET = 15.0;
				LD_RUNPATH_SEARCH_PATHS = (
					"$(inherited)",
					"@executable_path/Frameworks",
					"@loader_path/Frameworks",
				);
				MARKETING_VERSION = 1.0;
				PRODUCT_BUNDLE_IDENTIFIER = "com.mrkes.Corporate-House-ManagementTests";
				PRODUCT_NAME = "$(TARGET_NAME)";
				SWIFT_EMIT_LOC_STRINGS = NO;
				SWIFT_VERSION = 5.0;
				TARGETED_DEVICE_FAMILY = "1,2";
				TEST_HOST = "$(BUILT_PRODUCTS_DIR)/Corporate-House-Management.app/Corporate-House-Management";
			};
			name = Debug;
		};
		2554289227626D9F009460EC /* Release */ = {
			isa = XCBuildConfiguration;
			baseConfigurationReference = EAC57AF64B6823027839EDF6 /* Pods-Corporate-House-ManagementTests.release.xcconfig */;
			buildSettings = {
				ALWAYS_EMBED_SWIFT_STANDARD_LIBRARIES = YES;
				BUNDLE_LOADER = "$(TEST_HOST)";
				CODE_SIGN_STYLE = Automatic;
				CURRENT_PROJECT_VERSION = 1;
				DEVELOPMENT_TEAM = 2BNS7WZJ58;
				GENERATE_INFOPLIST_FILE = YES;
				IPHONEOS_DEPLOYMENT_TARGET = 15.0;
				LD_RUNPATH_SEARCH_PATHS = (
					"$(inherited)",
					"@executable_path/Frameworks",
					"@loader_path/Frameworks",
				);
				MARKETING_VERSION = 1.0;
				PRODUCT_BUNDLE_IDENTIFIER = "com.mrkes.Corporate-House-ManagementTests";
				PRODUCT_NAME = "$(TARGET_NAME)";
				SWIFT_EMIT_LOC_STRINGS = NO;
				SWIFT_VERSION = 5.0;
				TARGETED_DEVICE_FAMILY = "1,2";
				TEST_HOST = "$(BUILT_PRODUCTS_DIR)/Corporate-House-Management.app/Corporate-House-Management";
			};
			name = Release;
		};
		2554289427626D9F009460EC /* Debug */ = {
			isa = XCBuildConfiguration;
			baseConfigurationReference = 3E73CE6CBDDE46F8FE300D4C /* Pods-Corporate-House-Management-Corporate-House-ManagementUITests.debug.xcconfig */;
			buildSettings = {
				ALWAYS_EMBED_SWIFT_STANDARD_LIBRARIES = YES;
				CODE_SIGN_STYLE = Automatic;
				CURRENT_PROJECT_VERSION = 1;
				DEVELOPMENT_TEAM = 2BNS7WZJ58;
				GENERATE_INFOPLIST_FILE = YES;
				LD_RUNPATH_SEARCH_PATHS = (
					"$(inherited)",
					"@executable_path/Frameworks",
					"@loader_path/Frameworks",
				);
				MARKETING_VERSION = 1.0;
				PRODUCT_BUNDLE_IDENTIFIER = "com.mrkes.Corporate-House-ManagementUITests";
				PRODUCT_NAME = "$(TARGET_NAME)";
				SWIFT_EMIT_LOC_STRINGS = NO;
				SWIFT_VERSION = 5.0;
				TARGETED_DEVICE_FAMILY = "1,2";
				TEST_TARGET_NAME = "Corporate-House-Management";
			};
			name = Debug;
		};
		2554289527626D9F009460EC /* Release */ = {
			isa = XCBuildConfiguration;
			baseConfigurationReference = 2AF4DF499146BE8685103A45 /* Pods-Corporate-House-Management-Corporate-House-ManagementUITests.release.xcconfig */;
			buildSettings = {
				ALWAYS_EMBED_SWIFT_STANDARD_LIBRARIES = YES;
				CODE_SIGN_STYLE = Automatic;
				CURRENT_PROJECT_VERSION = 1;
				DEVELOPMENT_TEAM = 2BNS7WZJ58;
				GENERATE_INFOPLIST_FILE = YES;
				LD_RUNPATH_SEARCH_PATHS = (
					"$(inherited)",
					"@executable_path/Frameworks",
					"@loader_path/Frameworks",
				);
				MARKETING_VERSION = 1.0;
				PRODUCT_BUNDLE_IDENTIFIER = "com.mrkes.Corporate-House-ManagementUITests";
				PRODUCT_NAME = "$(TARGET_NAME)";
				SWIFT_EMIT_LOC_STRINGS = NO;
				SWIFT_VERSION = 5.0;
				TARGETED_DEVICE_FAMILY = "1,2";
				TEST_TARGET_NAME = "Corporate-House-Management";
			};
			name = Release;
		};
/* End XCBuildConfiguration section */

/* Begin XCConfigurationList section */
		2554285E27626D9D009460EC /* Build configuration list for PBXProject "Corporate-House-Management" */ = {
			isa = XCConfigurationList;
			buildConfigurations = (
				2554288B27626D9F009460EC /* Debug */,
				2554288C27626D9F009460EC /* Release */,
			);
			defaultConfigurationIsVisible = 0;
			defaultConfigurationName = Release;
		};
		2554288D27626D9F009460EC /* Build configuration list for PBXNativeTarget "Corporate-House-Management" */ = {
			isa = XCConfigurationList;
			buildConfigurations = (
				2554288E27626D9F009460EC /* Debug */,
				2554288F27626D9F009460EC /* Release */,
			);
			defaultConfigurationIsVisible = 0;
			defaultConfigurationName = Release;
		};
		2554289027626D9F009460EC /* Build configuration list for PBXNativeTarget "Corporate-House-ManagementTests" */ = {
			isa = XCConfigurationList;
			buildConfigurations = (
				2554289127626D9F009460EC /* Debug */,
				2554289227626D9F009460EC /* Release */,
			);
			defaultConfigurationIsVisible = 0;
			defaultConfigurationName = Release;
		};
		2554289327626D9F009460EC /* Build configuration list for PBXNativeTarget "Corporate-House-ManagementUITests" */ = {
			isa = XCConfigurationList;
			buildConfigurations = (
				2554289427626D9F009460EC /* Debug */,
				2554289527626D9F009460EC /* Release */,
			);
			defaultConfigurationIsVisible = 0;
			defaultConfigurationName = Release;
		};
/* End XCConfigurationList section */
	};
	rootObject = 2554285B27626D9D009460EC /* Project object */;
}
